{
  "name": "tp1-bootstrap",
  "version": "1.0.0",
  "lockfileVersion": 2,
  "requires": true,
  "packages": {
    "": {
      "name": "tp1-bootstrap",
      "version": "1.0.0",
      "license": "MIT",
      "dependencies": {
        "fullpage.js": "^4.0.8"
      }
    },
    "node_modules/fullpage.js": {
      "version": "4.0.8",
      "resolved": "https://registry.npmjs.org/fullpage.js/-/fullpage.js-4.0.8.tgz",
      "integrity": "sha512-ynbtKCTjAKBaml5JrOf0PK4HXVqL1lHlDFeiXC2KYg7Jzeh+FZXMQmoY+zYeunyCFlF2GmuxC6j+E8RcKwK8EA=="
    }
  },
  "dependencies": {
    "fullpage.js": {
      "version": "4.0.8",
      "resolved": "https://registry.npmjs.org/fullpage.js/-/fullpage.js-4.0.8.tgz",
      "integrity": "sha512-ynbtKCTjAKBaml5JrOf0PK4HXVqL1lHlDFeiXC2KYg7Jzeh+FZXMQmoY+zYeunyCFlF2GmuxC6j+E8RcKwK8EA=="
    }
  }
}
